
Microsoft Visual Studio Solution File, Format Version 12.00
# Visual Studio 15
VisualStudioVersion = 15.0.28307.421
MinimumVisualStudioVersion = 10.0.40219.1
Project("{FAE04EC0-301F-11D3-BF4B-00C04F79EFBC}") = "Web", "Web\Web.csproj", "{A3AF2584-7BEA-4EAD-8C3D-311D8A064735}"
	ProjectSection(ProjectDependencies) = postProject
		{F1A10E10-48FF-47E3-8E58-E66700C01CC0} = {F1A10E10-48FF-47E3-8E58-E66700C01CC0}
		{32E36075-BC8D-4D98-8158-E8EA4251AA7C} = {32E36075-BC8D-4D98-8158-E8EA4251AA7C}
	EndProjectSection
EndProject
Project("{FAE04EC0-301F-11D3-BF4B-00C04F79EFBC}") = "AMD_Modules", "AMD_Modules\AMD_Modules.csproj", "{F1A10E10-48FF-47E3-8E58-E66700C01CC0}"
EndProject
Project("{FAE04EC0-301F-11D3-BF4B-00C04F79EFBC}") = "Custom", "Custom\Custom.csproj", "{32E36075-BC8D-4D98-8158-E8EA4251AA7C}"
EndProject
Global
	GlobalSection(SolutionConfigurationPlatforms) = preSolution
		Debug|Any CPU = Debug|Any CPU
		Release|Any CPU = Release|Any CPU
	EndGlobalSection
	GlobalSection(ProjectConfigurationPlatforms) = postSolution
		{A3AF2584-7BEA-4EAD-8C3D-311D8A064735}.Debug|Any CPU.ActiveCfg = Debug|Any CPU
		{A3AF2584-7BEA-4EAD-8C3D-311D8A064735}.Debug|Any CPU.Build.0 = Debug|Any CPU
		{A3AF2584-7BEA-4EAD-8C3D-311D8A064735}.Release|Any CPU.ActiveCfg = Release|Any CPU
		{A3AF2584-7BEA-4EAD-8C3D-311D8A064735}.Release|Any CPU.Build.0 = Release|Any CPU
		{F1A10E10-48FF-47E3-8E58-E66700C01CC0}.Debug|Any CPU.ActiveCfg = Debug|Any CPU
		{F1A10E10-48FF-47E3-8E58-E66700C01CC0}.Debug|Any CPU.Build.0 = Debug|Any CPU
		{F1A10E10-48FF-47E3-8E58-E66700C01CC0}.Release|Any CPU.ActiveCfg = Release|Any CPU
		{F1A10E10-48FF-47E3-8E58-E66700C01CC0}.Release|Any CPU.Build.0 = Release|Any CPU
		{32E36075-BC8D-4D98-8158-E8EA4251AA7C}.Debug|Any CPU.ActiveCfg = Debug|Any CPU
		{32E36075-BC8D-4D98-8158-E8EA4251AA7C}.Debug|Any CPU.Build.0 = Debug|Any CPU
		{32E36075-BC8D-4D98-8158-E8EA4251AA7C}.Release|Any CPU.ActiveCfg = Release|Any CPU
		{32E36075-BC8D-4D98-8158-E8EA4251AA7C}.Release|Any CPU.Build.0 = Release|Any CPU
	EndGlobalSection
	GlobalSection(SolutionProperties) = preSolution
		HideSolutionNode = FALSE
	EndGlobalSection
	GlobalSection(ExtensibilityGlobals) = postSolution
		SolutionGuid = {16190E75-135F-4FB6-8671-A56A5F5E47DF}
	EndGlobalSection
EndGlobal
